
Microsoft Visual Studio Solution File, Format Version 12.00
# Visual Studio Version 17
VisualStudioVersion = 17.13.35931.197 d17.13
MinimumVisualStudioVersion = 10.0.40219.1
Project("{FAE04EC0-301F-11D3-BF4B-00C04F79EFBC}") = "terraria_api", "terraria_api\terraria_api.csproj", "{515B6780-DB05-4DD5-BEE2-FE2D672424ED}"
EndProject
Global
	GlobalSection(SolutionConfigurationPlatforms) = preSolution
		Debug|Any CPU = Debug|Any CPU
		Release|Any CPU = Release|Any CPU
	EndGlobalSection
	GlobalSection(ProjectConfigurationPlatforms) = postSolution
		{515B6780-DB05-4DD5-BEE2-FE2D672424ED}.Debug|Any CPU.ActiveCfg = Debug|Any CPU
		{515B6780-DB05-4DD5-BEE2-FE2D672424ED}.Debug|Any CPU.Build.0 = Debug|Any CPU
		{515B6780-DB05-4DD5-BEE2-FE2D672424ED}.Release|Any CPU.ActiveCfg = Release|Any CPU
		{515B6780-DB05-4DD5-BEE2-FE2D672424ED}.Release|Any CPU.Build.0 = Release|Any CPU
	EndGlobalSection
	GlobalSection(SolutionProperties) = preSolution
		HideSolutionNode = FALSE
	EndGlobalSection
	GlobalSection(ExtensibilityGlobals) = postSolution
		SolutionGuid = {54A49531-260A-45D5-9993-40395E29C786}
	EndGlobalSection
EndGlobal
